
Microsoft Visual Studio Solution File, Format Version 12.00
# Visual Studio Version 17
VisualStudioVersion = 17.6.33815.320
MinimumVisualStudioVersion = 10.0.40219.1
Project("{FAE04EC0-301F-11D3-BF4B-00C04F79EFBC}") = "ConsoleApp2", "ConsoleApp2.csproj", "{095BCF89-E5B4-4DF2-B42A-7E4A1581613D}"
EndProject
Global
	GlobalSection(SolutionConfigurationPlatforms) = preSolution
		Debug|Any CPU = Debug|Any CPU
		Release|Any CPU = Release|Any CPU
	EndGlobalSection
	GlobalSection(ProjectConfigurationPlatforms) = postSolution
		{095BCF89-E5B4-4DF2-B42A-7E4A1581613D}.Debug|Any CPU.ActiveCfg = Debug|Any CPU
		{095BCF89-E5B4-4DF2-B42A-7E4A1581613D}.Debug|Any CPU.Build.0 = Debug|Any CPU
		{095BCF89-E5B4-4DF2-B42A-7E4A1581613D}.Release|Any CPU.ActiveCfg = Release|Any CPU
		{095BCF89-E5B4-4DF2-B42A-7E4A1581613D}.Release|Any CPU.Build.0 = Release|Any CPU
	EndGlobalSection
	GlobalSection(SolutionProperties) = preSolution
		HideSolutionNode = FALSE
	EndGlobalSection
	GlobalSection(ExtensibilityGlobals) = postSolution
		SolutionGuid = {4920F36B-7D34-40B0-82C8-0B2415B78E35}
	EndGlobalSection
EndGlobal
